// !$*UTF8*$!
{
	archiveVersion = 1;
	classes = {
	};
	objectVersion = 56;
	objects = {

/* Begin PBXBuildFile section */
		E30966F7293286910071B87F /* WordsOverview.swift in Sources */ = {isa = PBXBuildFile; fileRef = E30966F6293286910071B87F /* WordsOverview.swift */; };
		E30966F8293286910071B87F /* WordsOverview.swift in Sources */ = {isa = PBXBuildFile; fileRef = E30966F6293286910071B87F /* WordsOverview.swift */; };
		E30966FD29328A2C0071B87F /* ChaptersList.swift in Sources */ = {isa = PBXBuildFile; fileRef = E30966FC29328A2C0071B87F /* ChaptersList.swift */; };
		E30966FE29328A2C0071B87F /* ChaptersList.swift in Sources */ = {isa = PBXBuildFile; fileRef = E30966FC29328A2C0071B87F /* ChaptersList.swift */; };
		E3096704293299A10071B87F /* AddChapterView.swift in Sources */ = {isa = PBXBuildFile; fileRef = E3096702293299A10071B87F /* AddChapterView.swift */; };
		E309670629329AF00071B87F /* AddChapterButton.swift in Sources */ = {isa = PBXBuildFile; fileRef = E309670529329AF00071B87F /* AddChapterButton.swift */; };
		E309670A2932B6E60071B87F /* AddChapterView.swift in Sources */ = {isa = PBXBuildFile; fileRef = E30967092932B6E60071B87F /* AddChapterView.swift */; };
		E309670D2932D9EC0071B87F /* EditChapterView.swift in Sources */ = {isa = PBXBuildFile; fileRef = E309670C2932D9EC0071B87F /* EditChapterView.swift */; };
		E309670F2932F8230071B87F /* WordsStore.swift in Sources */ = {isa = PBXBuildFile; fileRef = E309670E2932F8230071B87F /* WordsStore.swift */; };
		E30967102932F9AF0071B87F /* WordsStore.swift in Sources */ = {isa = PBXBuildFile; fileRef = E309670E2932F8230071B87F /* WordsStore.swift */; };
		E31A619A2932240E0019AD94 /* SettingsStore.swift in Sources */ = {isa = PBXBuildFile; fileRef = E36C045E2931663C00C4B8C8 /* SettingsStore.swift */; };
		E31A619B2932241E0019AD94 /* Language.swift in Sources */ = {isa = PBXBuildFile; fileRef = E36C045B293161CF00C4B8C8 /* Language.swift */; };
		E31A619D293224D90019AD94 /* NavigationWordsView.swift in Sources */ = {isa = PBXBuildFile; fileRef = E31A619C293224D90019AD94 /* NavigationWordsView.swift */; };
		E31A619E293224D90019AD94 /* NavigationWordsView.swift in Sources */ = {isa = PBXBuildFile; fileRef = E31A619C293224D90019AD94 /* NavigationWordsView.swift */; };
		E31A61A3293226400019AD94 /* AppView.swift in Sources */ = {isa = PBXBuildFile; fileRef = E31A61A2293226400019AD94 /* AppView.swift */; };
		E31A61A5293227270019AD94 /* AppTab.swift in Sources */ = {isa = PBXBuildFile; fileRef = E31A61A4293227270019AD94 /* AppTab.swift */; };
		E31A61A8293227770019AD94 /* ProfileView.swift in Sources */ = {isa = PBXBuildFile; fileRef = E31A61A7293227770019AD94 /* ProfileView.swift */; };
		E36C045429315F0200C4B8C8 /* SettingsView.swift in Sources */ = {isa = PBXBuildFile; fileRef = E36C045329315F0200C4B8C8 /* SettingsView.swift */; };
		E36C045C293161CF00C4B8C8 /* Language.swift in Sources */ = {isa = PBXBuildFile; fileRef = E36C045B293161CF00C4B8C8 /* Language.swift */; };
		E36C045F2931663C00C4B8C8 /* SettingsStore.swift in Sources */ = {isa = PBXBuildFile; fileRef = E36C045E2931663C00C4B8C8 /* SettingsStore.swift */; };
		E36C04612931705F00C4B8C8 /* SettingsTab.swift in Sources */ = {isa = PBXBuildFile; fileRef = E36C04602931705F00C4B8C8 /* SettingsTab.swift */; };
		E3B6B8F6293133E300B8317C /* WordsListView.swift in Sources */ = {isa = PBXBuildFile; fileRef = E3B6B8F5293133E300B8317C /* WordsListView.swift */; };
		E3B6B8F82931342D00B8317C /* WordRowView.swift in Sources */ = {isa = PBXBuildFile; fileRef = E3B6B8F72931342D00B8317C /* WordRowView.swift */; };
		E3C1183229300AE5004E2766 /* AddWordInput.swift in Sources */ = {isa = PBXBuildFile; fileRef = E3C1183129300AE5004E2766 /* AddWordInput.swift */; };
		E3C1183329300AE5004E2766 /* AddWordInput.swift in Sources */ = {isa = PBXBuildFile; fileRef = E3C1183129300AE5004E2766 /* AddWordInput.swift */; };
		E3C1183729300C72004E2766 /* AddWordView.swift in Sources */ = {isa = PBXBuildFile; fileRef = E3C1183629300C72004E2766 /* AddWordView.swift */; };
		E3C1183B29301149004E2766 /* String.swift in Sources */ = {isa = PBXBuildFile; fileRef = E3C1183A29301149004E2766 /* String.swift */; };
		E3C1183C29301149004E2766 /* String.swift in Sources */ = {isa = PBXBuildFile; fileRef = E3C1183A29301149004E2766 /* String.swift */; };
		E3C1184029301728004E2766 /* Localizable.strings in Resources */ = {isa = PBXBuildFile; fileRef = E3C1184329301728004E2766 /* Localizable.strings */; };
		E3C1184129301728004E2766 /* Localizable.strings in Resources */ = {isa = PBXBuildFile; fileRef = E3C1184329301728004E2766 /* Localizable.strings */; };
		E3CFD5C429322E9E007D7F56 /* Assets.xcassets in Resources */ = {isa = PBXBuildFile; fileRef = E332C424292E83AA002C6FC4 /* Assets.xcassets */; };
		E3D76C0A293008E000A0092D /* Preview Assets.xcassets in Resources */ = {isa = PBXBuildFile; fileRef = E3D76C09293008E000A0092D /* Preview Assets.xcassets */; };
		E3D76C0E293008FB00A0092D /* App.swift in Sources */ = {isa = PBXBuildFile; fileRef = E332C41B292E839F002C6FC4 /* App.swift */; };
		E3D76C0F293008FD00A0092D /* AppView.swift in Sources */ = {isa = PBXBuildFile; fileRef = E332C422292E839F002C6FC4 /* AppView.swift */; };
		E3D76C10293008FF00A0092D /* NavigationWordsRoute.swift in Sources */ = {isa = PBXBuildFile; fileRef = E35E0A37292EBD7E009E5A9F /* NavigationWordsRoute.swift */; };
		E3D76C132930090400A0092D /* Persistence.swift in Sources */ = {isa = PBXBuildFile; fileRef = E332C41D292E839F002C6FC4 /* Persistence.swift */; };
		E3D76C142930090700A0092D /* Assets.xcassets in Resources */ = {isa = PBXBuildFile; fileRef = E332C424292E83AA002C6FC4 /* Assets.xcassets */; };
		E3D76C152930090D00A0092D /* Vocabulist.xcdatamodeld in Sources */ = {isa = PBXBuildFile; fileRef = E332C41F292E839F002C6FC4 /* Vocabulist.xcdatamodeld */; };
		E3D76C242930099C00A0092D /* Preview Assets.xcassets in Resources */ = {isa = PBXBuildFile; fileRef = E3D76C232930099C00A0092D /* Preview Assets.xcassets */; };
		E3D76C29293009AE00A0092D /* Vocabulist.xcdatamodeld in Sources */ = {isa = PBXBuildFile; fileRef = E332C41F292E839F002C6FC4 /* Vocabulist.xcdatamodeld */; };
		E3D76C2B293009B500A0092D /* App.swift in Sources */ = {isa = PBXBuildFile; fileRef = E332C41B292E839F002C6FC4 /* App.swift */; };
		E3D76C2D293009B500A0092D /* WordsTableView.swift in Sources */ = {isa = PBXBuildFile; fileRef = E332C433292E9080002C6FC4 /* WordsTableView.swift */; };
		E3D76C2E293009B500A0092D /* NavigationWordsRoute.swift in Sources */ = {isa = PBXBuildFile; fileRef = E35E0A37292EBD7E009E5A9F /* NavigationWordsRoute.swift */; };
		E3D76C2F293009B500A0092D /* AddWordView.swift in Sources */ = {isa = PBXBuildFile; fileRef = E35E0A3C292EE16C009E5A9F /* AddWordView.swift */; };
		E3D76C30293009B500A0092D /* Persistence.swift in Sources */ = {isa = PBXBuildFile; fileRef = E332C41D292E839F002C6FC4 /* Persistence.swift */; };
		E3F836D429360AB5006B9197 /* EditChapterView.swift in Sources */ = {isa = PBXBuildFile; fileRef = E3F836D329360AB5006B9197 /* EditChapterView.swift */; };
		E3F836D629362447006B9197 /* ChaptersStore.swift in Sources */ = {isa = PBXBuildFile; fileRef = E3F836D529362447006B9197 /* ChaptersStore.swift */; };
		E3F836D729362447006B9197 /* ChaptersStore.swift in Sources */ = {isa = PBXBuildFile; fileRef = E3F836D529362447006B9197 /* ChaptersStore.swift */; };
/* End PBXBuildFile section */

/* Begin PBXFileReference section */
		E30966F6293286910071B87F /* WordsOverview.swift */ = {isa = PBXFileReference; lastKnownFileType = sourcecode.swift; path = WordsOverview.swift; sourceTree = "<group>"; };
		E30966FC29328A2C0071B87F /* ChaptersList.swift */ = {isa = PBXFileReference; lastKnownFileType = sourcecode.swift; path = ChaptersList.swift; sourceTree = "<group>"; };
		E3096702293299A10071B87F /* AddChapterView.swift */ = {isa = PBXFileReference; lastKnownFileType = sourcecode.swift; path = AddChapterView.swift; sourceTree = "<group>"; };
		E309670529329AF00071B87F /* AddChapterButton.swift */ = {isa = PBXFileReference; lastKnownFileType = sourcecode.swift; path = AddChapterButton.swift; sourceTree = "<group>"; };
		E30967092932B6E60071B87F /* AddChapterView.swift */ = {isa = PBXFileReference; lastKnownFileType = sourcecode.swift; path = AddChapterView.swift; sourceTree = "<group>"; };
		E309670C2932D9EC0071B87F /* EditChapterView.swift */ = {isa = PBXFileReference; lastKnownFileType = sourcecode.swift; path = EditChapterView.swift; sourceTree = "<group>"; };
		E309670E2932F8230071B87F /* WordsStore.swift */ = {isa = PBXFileReference; lastKnownFileType = sourcecode.swift; path = WordsStore.swift; sourceTree = "<group>"; };
		E31A619C293224D90019AD94 /* NavigationWordsView.swift */ = {isa = PBXFileReference; lastKnownFileType = sourcecode.swift; path = NavigationWordsView.swift; sourceTree = "<group>"; };
		E31A61A2293226400019AD94 /* AppView.swift */ = {isa = PBXFileReference; lastKnownFileType = sourcecode.swift; path = AppView.swift; sourceTree = "<group>"; };
		E31A61A4293227270019AD94 /* AppTab.swift */ = {isa = PBXFileReference; lastKnownFileType = sourcecode.swift; path = AppTab.swift; sourceTree = "<group>"; };
		E31A61A7293227770019AD94 /* ProfileView.swift */ = {isa = PBXFileReference; lastKnownFileType = sourcecode.swift; path = ProfileView.swift; sourceTree = "<group>"; };
		E332C41B292E839F002C6FC4 /* App.swift */ = {isa = PBXFileReference; lastKnownFileType = sourcecode.swift; path = App.swift; sourceTree = "<group>"; };
		E332C41D292E839F002C6FC4 /* Persistence.swift */ = {isa = PBXFileReference; lastKnownFileType = sourcecode.swift; path = Persistence.swift; sourceTree = "<group>"; };
		E332C420292E839F002C6FC4 /* Vocabulist.xcdatamodel */ = {isa = PBXFileReference; lastKnownFileType = wrapper.xcdatamodel; path = Vocabulist.xcdatamodel; sourceTree = "<group>"; };
		E332C422292E839F002C6FC4 /* AppView.swift */ = {isa = PBXFileReference; lastKnownFileType = sourcecode.swift; path = AppView.swift; sourceTree = "<group>"; };
		E332C424292E83AA002C6FC4 /* Assets.xcassets */ = {isa = PBXFileReference; lastKnownFileType = folder.assetcatalog; path = Assets.xcassets; sourceTree = "<group>"; };
		E332C428292E83AA002C6FC4 /* Preview Assets.xcassets */ = {isa = PBXFileReference; lastKnownFileType = folder.assetcatalog; path = "Preview Assets.xcassets"; sourceTree = "<group>"; };
		E332C433292E9080002C6FC4 /* WordsTableView.swift */ = {isa = PBXFileReference; lastKnownFileType = sourcecode.swift; path = WordsTableView.swift; sourceTree = "<group>"; };
		E35E0A37292EBD7E009E5A9F /* NavigationWordsRoute.swift */ = {isa = PBXFileReference; lastKnownFileType = sourcecode.swift; path = NavigationWordsRoute.swift; sourceTree = "<group>"; };
		E35E0A3C292EE16C009E5A9F /* AddWordView.swift */ = {isa = PBXFileReference; lastKnownFileType = sourcecode.swift; path = AddWordView.swift; sourceTree = "<group>"; };
		E36C045329315F0200C4B8C8 /* SettingsView.swift */ = {isa = PBXFileReference; lastKnownFileType = sourcecode.swift; path = SettingsView.swift; sourceTree = "<group>"; };
		E36C045B293161CF00C4B8C8 /* Language.swift */ = {isa = PBXFileReference; lastKnownFileType = sourcecode.swift; path = Language.swift; sourceTree = "<group>"; };
		E36C045E2931663C00C4B8C8 /* SettingsStore.swift */ = {isa = PBXFileReference; lastKnownFileType = sourcecode.swift; path = SettingsStore.swift; sourceTree = "<group>"; };
		E36C04602931705F00C4B8C8 /* SettingsTab.swift */ = {isa = PBXFileReference; lastKnownFileType = sourcecode.swift; path = SettingsTab.swift; sourceTree = "<group>"; };
		E3B6B8F5293133E300B8317C /* WordsListView.swift */ = {isa = PBXFileReference; lastKnownFileType = sourcecode.swift; path = WordsListView.swift; sourceTree = "<group>"; };
		E3B6B8F72931342D00B8317C /* WordRowView.swift */ = {isa = PBXFileReference; lastKnownFileType = sourcecode.swift; path = WordRowView.swift; sourceTree = "<group>"; };
		E3C1183129300AE5004E2766 /* AddWordInput.swift */ = {isa = PBXFileReference; lastKnownFileType = sourcecode.swift; path = AddWordInput.swift; sourceTree = "<group>"; };
		E3C1183629300C72004E2766 /* AddWordView.swift */ = {isa = PBXFileReference; lastKnownFileType = sourcecode.swift; path = AddWordView.swift; sourceTree = "<group>"; };
		E3C1183A29301149004E2766 /* String.swift */ = {isa = PBXFileReference; lastKnownFileType = sourcecode.swift; path = String.swift; sourceTree = "<group>"; };
		E3C1184229301728004E2766 /* en */ = {isa = PBXFileReference; lastKnownFileType = text.plist.strings; name = en; path = en.lproj/Localizable.strings; sourceTree = "<group>"; };
		E3C1184729301841004E2766 /* de */ = {isa = PBXFileReference; lastKnownFileType = text.plist.strings; name = de; path = de.lproj/Localizable.strings; sourceTree = "<group>"; };
		E3D76C00293008DF00A0092D /* Vocabulist.app */ = {isa = PBXFileReference; explicitFileType = wrapper.application; includeInIndex = 0; path = Vocabulist.app; sourceTree = BUILT_PRODUCTS_DIR; };
		E3D76C09293008E000A0092D /* Preview Assets.xcassets */ = {isa = PBXFileReference; lastKnownFileType = folder.assetcatalog; path = "Preview Assets.xcassets"; sourceTree = "<group>"; };
		E3D76C1A2930099B00A0092D /* Vocabulist.app */ = {isa = PBXFileReference; explicitFileType = wrapper.application; includeInIndex = 0; path = Vocabulist.app; sourceTree = BUILT_PRODUCTS_DIR; };
		E3D76C232930099C00A0092D /* Preview Assets.xcassets */ = {isa = PBXFileReference; lastKnownFileType = folder.assetcatalog; path = "Preview Assets.xcassets"; sourceTree = "<group>"; };
		E3D76C252930099C00A0092D /* Vocabulist.entitlements */ = {isa = PBXFileReference; lastKnownFileType = text.plist.entitlements; path = Vocabulist.entitlements; sourceTree = "<group>"; };
		E3F836D329360AB5006B9197 /* EditChapterView.swift */ = {isa = PBXFileReference; lastKnownFileType = sourcecode.swift; path = EditChapterView.swift; sourceTree = "<group>"; };
		E3F836D529362447006B9197 /* ChaptersStore.swift */ = {isa = PBXFileReference; lastKnownFileType = sourcecode.swift; path = ChaptersStore.swift; sourceTree = "<group>"; };
/* End PBXFileReference section */

/* Begin PBXFrameworksBuildPhase section */
		E3D76BFD293008DF00A0092D /* Frameworks */ = {
			isa = PBXFrameworksBuildPhase;
			buildActionMask = 2147483647;
			files = (
			);
			runOnlyForDeploymentPostprocessing = 0;
		};
		E3D76C172930099B00A0092D /* Frameworks */ = {
			isa = PBXFrameworksBuildPhase;
			buildActionMask = 2147483647;
			files = (
			);
			runOnlyForDeploymentPostprocessing = 0;
		};
/* End PBXFrameworksBuildPhase section */

/* Begin PBXGroup section */
		E30966F52932827E0071B87F /* Chapters */ = {
			isa = PBXGroup;
			children = (
				E3096701293299970071B87F /* Add */,
				E3F836D229360AA1006B9197 /* Edit */,
			);
			path = Chapters;
			sourceTree = "<group>";
		};
		E30966FA293289F50071B87F /* Overview */ = {
			isa = PBXGroup;
			children = (
				E30966F6293286910071B87F /* WordsOverview.swift */,
			);
			path = Overview;
			sourceTree = "<group>";
		};
		E30966FB29328A120071B87F /* Chapters */ = {
			isa = PBXGroup;
			children = (
				E3F836D529362447006B9197 /* ChaptersStore.swift */,
				E30966FF293299590071B87F /* Overview */,
			);
			path = Chapters;
			sourceTree = "<group>";
		};
		E30966FF293299590071B87F /* Overview */ = {
			isa = PBXGroup;
			children = (
				E30966FC29328A2C0071B87F /* ChaptersList.swift */,
			);
			path = Overview;
			sourceTree = "<group>";
		};
		E3096701293299970071B87F /* Add */ = {
			isa = PBXGroup;
			children = (
				E309670529329AF00071B87F /* AddChapterButton.swift */,
				E3096702293299A10071B87F /* AddChapterView.swift */,
			);
			path = Add;
			sourceTree = "<group>";
		};
		E30967072932B6860071B87F /* Chapters */ = {
			isa = PBXGroup;
			children = (
				E30967082932B6DB0071B87F /* Add */,
				E309670B2932D9D70071B87F /* Edit */,
			);
			path = Chapters;
			sourceTree = "<group>";
		};
		E30967082932B6DB0071B87F /* Add */ = {
			isa = PBXGroup;
			children = (
				E30967092932B6E60071B87F /* AddChapterView.swift */,
			);
			path = Add;
			sourceTree = "<group>";
		};
		E309670B2932D9D70071B87F /* Edit */ = {
			isa = PBXGroup;
			children = (
				E309670C2932D9EC0071B87F /* EditChapterView.swift */,
			);
			path = Edit;
			sourceTree = "<group>";
		};
		E31A619F293224E30019AD94 /* Navigation */ = {
			isa = PBXGroup;
			children = (
				E31A619C293224D90019AD94 /* NavigationWordsView.swift */,
				E35E0A37292EBD7E009E5A9F /* NavigationWordsRoute.swift */,
			);
			path = Navigation;
			sourceTree = "<group>";
		};
		E31A61A0293225660019AD94 /* App */ = {
			isa = PBXGroup;
			children = (
				E332C422292E839F002C6FC4 /* AppView.swift */,
				E31A61A4293227270019AD94 /* AppTab.swift */,
			);
			path = App;
			sourceTree = "<group>";
		};
		E31A61A1293226300019AD94 /* App */ = {
			isa = PBXGroup;
			children = (
				E31A61A2293226400019AD94 /* AppView.swift */,
			);
			path = App;
			sourceTree = "<group>";
		};
		E31A61A6293227690019AD94 /* Profile */ = {
			isa = PBXGroup;
			children = (
				E31A61A7293227770019AD94 /* ProfileView.swift */,
			);
			path = Profile;
			sourceTree = "<group>";
		};
		E332C40F292E839F002C6FC4 = {
			isa = PBXGroup;
			children = (
				E332C41A292E839F002C6FC4 /* Vocabulist */,
				E3D76C01293008DF00A0092D /* Vocabulist iOS */,
				E3D76C1B2930099B00A0092D /* Vocabulist macOS */,
				E332C419292E839F002C6FC4 /* Products */,
			);
			sourceTree = "<group>";
		};
		E332C419292E839F002C6FC4 /* Products */ = {
			isa = PBXGroup;
			children = (
				E3D76C00293008DF00A0092D /* Vocabulist.app */,
				E3D76C1A2930099B00A0092D /* Vocabulist.app */,
			);
			name = Products;
			sourceTree = "<group>";
		};
		E332C41A292E839F002C6FC4 /* Vocabulist */ = {
			isa = PBXGroup;
			children = (
				E332C42F292E8877002C6FC4 /* App */,
				E30966FB29328A120071B87F /* Chapters */,
				E3C118392930113C004E2766 /* Extensions */,
				E36C045A293161B800C4B8C8 /* Language */,
				E36C045D2931662600C4B8C8 /* Settings */,
				E332C430292E8EB5002C6FC4 /* Words */,
				E332C41D292E839F002C6FC4 /* Persistence.swift */,
				E332C424292E83AA002C6FC4 /* Assets.xcassets */,
				E3C1184329301728004E2766 /* Localizable.strings */,
				E332C41F292E839F002C6FC4 /* Vocabulist.xcdatamodeld */,
				E332C427292E83AA002C6FC4 /* Preview Content */,
			);
			path = Vocabulist;
			sourceTree = "<group>";
		};
		E332C427292E83AA002C6FC4 /* Preview Content */ = {
			isa = PBXGroup;
			children = (
				E332C428292E83AA002C6FC4 /* Preview Assets.xcassets */,
			);
			path = "Preview Content";
			sourceTree = "<group>";
		};
		E332C42F292E8877002C6FC4 /* App */ = {
			isa = PBXGroup;
			children = (
				E332C41B292E839F002C6FC4 /* App.swift */,
			);
			path = App;
			sourceTree = "<group>";
		};
		E332C430292E8EB5002C6FC4 /* Words */ = {
			isa = PBXGroup;
			children = (
				E309670E2932F8230071B87F /* WordsStore.swift */,
				E3C1183029300AD6004E2766 /* Add */,
				E31A619F293224E30019AD94 /* Navigation */,
				E30966FA293289F50071B87F /* Overview */,
			);
			path = Words;
			sourceTree = "<group>";
		};
		E36C045229315EF700C4B8C8 /* Settings */ = {
			isa = PBXGroup;
			children = (
				E36C045329315F0200C4B8C8 /* SettingsView.swift */,
				E36C04602931705F00C4B8C8 /* SettingsTab.swift */,
			);
			path = Settings;
			sourceTree = "<group>";
		};
		E36C045A293161B800C4B8C8 /* Language */ = {
			isa = PBXGroup;
			children = (
				E36C045B293161CF00C4B8C8 /* Language.swift */,
			);
			path = Language;
			sourceTree = "<group>";
		};
		E36C045D2931662600C4B8C8 /* Settings */ = {
			isa = PBXGroup;
			children = (
				E36C045E2931663C00C4B8C8 /* SettingsStore.swift */,
			);
			path = Settings;
			sourceTree = "<group>";
		};
		E3B6B8F32931324800B8317C /* Table */ = {
			isa = PBXGroup;
			children = (
				E332C433292E9080002C6FC4 /* WordsTableView.swift */,
			);
			path = Table;
			sourceTree = "<group>";
		};
		E3B6B8F4293133D600B8317C /* List */ = {
			isa = PBXGroup;
			children = (
				E3B6B8F5293133E300B8317C /* WordsListView.swift */,
				E3B6B8F72931342D00B8317C /* WordRowView.swift */,
			);
			path = List;
			sourceTree = "<group>";
		};
		E3C1182E29300A88004E2766 /* Words */ = {
			isa = PBXGroup;
			children = (
				E3B6B8F32931324800B8317C /* Table */,
				E3C1182F29300A9A004E2766 /* Add */,
			);
			path = Words;
			sourceTree = "<group>";
		};
		E3C1182F29300A9A004E2766 /* Add */ = {
			isa = PBXGroup;
			children = (
				E35E0A3C292EE16C009E5A9F /* AddWordView.swift */,
			);
			path = Add;
			sourceTree = "<group>";
		};
		E3C1183029300AD6004E2766 /* Add */ = {
			isa = PBXGroup;
			children = (
				E3C1183129300AE5004E2766 /* AddWordInput.swift */,
			);
			path = Add;
			sourceTree = "<group>";
		};
		E3C1183429300C61004E2766 /* Words */ = {
			isa = PBXGroup;
			children = (
				E3B6B8F4293133D600B8317C /* List */,
				E3C1183529300C65004E2766 /* Add */,
			);
			path = Words;
			sourceTree = "<group>";
		};
		E3C1183529300C65004E2766 /* Add */ = {
			isa = PBXGroup;
			children = (
				E3C1183629300C72004E2766 /* AddWordView.swift */,
			);
			path = Add;
			sourceTree = "<group>";
		};
		E3C118392930113C004E2766 /* Extensions */ = {
			isa = PBXGroup;
			children = (
				E3C1183A29301149004E2766 /* String.swift */,
			);
			path = Extensions;
			sourceTree = "<group>";
		};
		E3D76C01293008DF00A0092D /* Vocabulist iOS */ = {
			isa = PBXGroup;
			children = (
				E31A61A0293225660019AD94 /* App */,
				E30967072932B6860071B87F /* Chapters */,
				E31A61A6293227690019AD94 /* Profile */,
				E3C1183429300C61004E2766 /* Words */,
				E3D76C08293008E000A0092D /* Preview Content */,
			);
			path = "Vocabulist iOS";
			sourceTree = "<group>";
		};
		E3D76C08293008E000A0092D /* Preview Content */ = {
			isa = PBXGroup;
			children = (
				E3D76C09293008E000A0092D /* Preview Assets.xcassets */,
			);
			path = "Preview Content";
			sourceTree = "<group>";
		};
		E3D76C1B2930099B00A0092D /* Vocabulist macOS */ = {
			isa = PBXGroup;
			children = (
				E31A61A1293226300019AD94 /* App */,
				E30966F52932827E0071B87F /* Chapters */,
				E36C045229315EF700C4B8C8 /* Settings */,
				E3C1182E29300A88004E2766 /* Words */,
				E3D76C252930099C00A0092D /* Vocabulist.entitlements */,
				E3D76C222930099C00A0092D /* Preview Content */,
			);
			path = "Vocabulist macOS";
			sourceTree = "<group>";
		};
		E3D76C222930099C00A0092D /* Preview Content */ = {
			isa = PBXGroup;
			children = (
				E3D76C232930099C00A0092D /* Preview Assets.xcassets */,
			);
			path = "Preview Content";
			sourceTree = "<group>";
		};
		E3F836D229360AA1006B9197 /* Edit */ = {
			isa = PBXGroup;
			children = (
				E3F836D329360AB5006B9197 /* EditChapterView.swift */,
			);
			path = Edit;
			sourceTree = "<group>";
		};
/* End PBXGroup section */

/* Begin PBXNativeTarget section */
		E3D76BFF293008DF00A0092D /* Vocabulist iOS */ = {
			isa = PBXNativeTarget;
			buildConfigurationList = E3D76C0B293008E000A0092D /* Build configuration list for PBXNativeTarget "Vocabulist iOS" */;
			buildPhases = (
				E3D76BFC293008DF00A0092D /* Sources */,
				E3D76BFD293008DF00A0092D /* Frameworks */,
				E3D76BFE293008DF00A0092D /* Resources */,
			);
			buildRules = (
			);
			dependencies = (
			);
			name = "Vocabulist iOS";
			productName = "Vocabulist iOS";
			productReference = E3D76C00293008DF00A0092D /* Vocabulist.app */;
			productType = "com.apple.product-type.application";
		};
		E3D76C192930099B00A0092D /* Vocabulist macOS */ = {
			isa = PBXNativeTarget;
			buildConfigurationList = E3D76C262930099C00A0092D /* Build configuration list for PBXNativeTarget "Vocabulist macOS" */;
			buildPhases = (
				E3D76C162930099B00A0092D /* Sources */,
				E3D76C172930099B00A0092D /* Frameworks */,
				E3D76C182930099B00A0092D /* Resources */,
			);
			buildRules = (
			);
			dependencies = (
			);
			name = "Vocabulist macOS";
			productName = "Vocabulist macOS";
			productReference = E3D76C1A2930099B00A0092D /* Vocabulist.app */;
			productType = "com.apple.product-type.application";
		};
/* End PBXNativeTarget section */

/* Begin PBXProject section */
		E332C410292E839F002C6FC4 /* Project object */ = {
			isa = PBXProject;
			attributes = {
				BuildIndependentTargetsInParallel = 1;
				LastSwiftUpdateCheck = 1410;
				LastUpgradeCheck = 1410;
				TargetAttributes = {
					E3D76BFF293008DF00A0092D = {
						CreatedOnToolsVersion = 14.1;
					};
					E3D76C192930099B00A0092D = {
						CreatedOnToolsVersion = 14.1;
					};
				};
			};
			buildConfigurationList = E332C413292E839F002C6FC4 /* Build configuration list for PBXProject "Vocabulist" */;
			compatibilityVersion = "Xcode 14.0";
			developmentRegion = en;
			hasScannedForEncodings = 0;
			knownRegions = (
				en,
				Base,
				de,
			);
			mainGroup = E332C40F292E839F002C6FC4;
			productRefGroup = E332C419292E839F002C6FC4 /* Products */;
			projectDirPath = "";
			projectRoot = "";
			targets = (
				E3D76BFF293008DF00A0092D /* Vocabulist iOS */,
				E3D76C192930099B00A0092D /* Vocabulist macOS */,
			);
		};
/* End PBXProject section */

/* Begin PBXResourcesBuildPhase section */
		E3D76BFE293008DF00A0092D /* Resources */ = {
			isa = PBXResourcesBuildPhase;
			buildActionMask = 2147483647;
			files = (
				E3D76C0A293008E000A0092D /* Preview Assets.xcassets in Resources */,
				E3C1184029301728004E2766 /* Localizable.strings in Resources */,
				E3D76C142930090700A0092D /* Assets.xcassets in Resources */,
			);
			runOnlyForDeploymentPostprocessing = 0;
		};
		E3D76C182930099B00A0092D /* Resources */ = {
			isa = PBXResourcesBuildPhase;
			buildActionMask = 2147483647;
			files = (
				E3D76C242930099C00A0092D /* Preview Assets.xcassets in Resources */,
				E3CFD5C429322E9E007D7F56 /* Assets.xcassets in Resources */,
				E3C1184129301728004E2766 /* Localizable.strings in Resources */,
			);
			runOnlyForDeploymentPostprocessing = 0;
		};
/* End PBXResourcesBuildPhase section */

/* Begin PBXSourcesBuildPhase section */
		E3D76BFC293008DF00A0092D /* Sources */ = {
			isa = PBXSourcesBuildPhase;
			buildActionMask = 2147483647;
			files = (
				E3F836D629362447006B9197 /* ChaptersStore.swift in Sources */,
				E31A61A8293227770019AD94 /* ProfileView.swift in Sources */,
				E3D76C0F293008FD00A0092D /* AppView.swift in Sources */,
				E3C1183229300AE5004E2766 /* AddWordInput.swift in Sources */,
				E3B6B8F6293133E300B8317C /* WordsListView.swift in Sources */,
				E3B6B8F82931342D00B8317C /* WordRowView.swift in Sources */,
				E309670D2932D9EC0071B87F /* EditChapterView.swift in Sources */,
				E3D76C132930090400A0092D /* Persistence.swift in Sources */,
				E309670F2932F8230071B87F /* WordsStore.swift in Sources */,
				E309670A2932B6E60071B87F /* AddChapterView.swift in Sources */,
				E3C1183B29301149004E2766 /* String.swift in Sources */,
				E3D76C0E293008FB00A0092D /* App.swift in Sources */,
				E3C1183729300C72004E2766 /* AddWordView.swift in Sources */,
				E31A619D293224D90019AD94 /* NavigationWordsView.swift in Sources */,
				E3D76C152930090D00A0092D /* Vocabulist.xcdatamodeld in Sources */,
				E31A619B2932241E0019AD94 /* Language.swift in Sources */,
				E31A61A5293227270019AD94 /* AppTab.swift in Sources */,
				E30966FD29328A2C0071B87F /* ChaptersList.swift in Sources */,
				E30966F7293286910071B87F /* WordsOverview.swift in Sources */,
				E3D76C10293008FF00A0092D /* NavigationWordsRoute.swift in Sources */,
				E31A619A2932240E0019AD94 /* SettingsStore.swift in Sources */,
			);
			runOnlyForDeploymentPostprocessing = 0;
		};
		E3D76C162930099B00A0092D /* Sources */ = {
			isa = PBXSourcesBuildPhase;
			buildActionMask = 2147483647;
			files = (
				E3F836D729362447006B9197 /* ChaptersStore.swift in Sources */,
				E3D76C30293009B500A0092D /* Persistence.swift in Sources */,
				E3D76C2B293009B500A0092D /* App.swift in Sources */,
				E3C1183329300AE5004E2766 /* AddWordInput.swift in Sources */,
				E30966FE29328A2C0071B87F /* ChaptersList.swift in Sources */,
				E3F836D429360AB5006B9197 /* EditChapterView.swift in Sources */,
				E3C1183C29301149004E2766 /* String.swift in Sources */,
				E3D76C2E293009B500A0092D /* NavigationWordsRoute.swift in Sources */,
				E36C045429315F0200C4B8C8 /* SettingsView.swift in Sources */,
				E30967102932F9AF0071B87F /* WordsStore.swift in Sources */,
				E36C045C293161CF00C4B8C8 /* Language.swift in Sources */,
				E3D76C2F293009B500A0092D /* AddWordView.swift in Sources */,
				E3096704293299A10071B87F /* AddChapterView.swift in Sources */,
				E3D76C2D293009B500A0092D /* WordsTableView.swift in Sources */,
				E309670629329AF00071B87F /* AddChapterButton.swift in Sources */,
				E36C04612931705F00C4B8C8 /* SettingsTab.swift in Sources */,
				E30966F8293286910071B87F /* WordsOverview.swift in Sources */,
				E31A61A3293226400019AD94 /* AppView.swift in Sources */,
				E36C045F2931663C00C4B8C8 /* SettingsStore.swift in Sources */,
				E31A619E293224D90019AD94 /* NavigationWordsView.swift in Sources */,
				E3D76C29293009AE00A0092D /* Vocabulist.xcdatamodeld in Sources */,
			);
			runOnlyForDeploymentPostprocessing = 0;
		};
/* End PBXSourcesBuildPhase section */

/* Begin PBXVariantGroup section */
		E3C1184329301728004E2766 /* Localizable.strings */ = {
			isa = PBXVariantGroup;
			children = (
				E3C1184229301728004E2766 /* en */,
				E3C1184729301841004E2766 /* de */,
			);
			name = Localizable.strings;
			sourceTree = "<group>";
		};
/* End PBXVariantGroup section */

/* Begin XCBuildConfiguration section */
		E332C42A292E83AA002C6FC4 /* Debug */ = {
			isa = XCBuildConfiguration;
			buildSettings = {
				ALWAYS_SEARCH_USER_PATHS = NO;
				CLANG_ANALYZER_LOCALIZABILITY_NONLOCALIZED = YES;
				CLANG_ANALYZER_NONNULL = YES;
				CLANG_ANALYZER_NUMBER_OBJECT_CONVERSION = YES_AGGRESSIVE;
				CLANG_CXX_LANGUAGE_STANDARD = "gnu++20";
				CLANG_ENABLE_MODULES = YES;
				CLANG_ENABLE_OBJC_ARC = YES;
				CLANG_ENABLE_OBJC_WEAK = YES;
				CLANG_WARN_BLOCK_CAPTURE_AUTORELEASING = YES;
				CLANG_WARN_BOOL_CONVERSION = YES;
				CLANG_WARN_COMMA = YES;
				CLANG_WARN_CONSTANT_CONVERSION = YES;
				CLANG_WARN_DEPRECATED_OBJC_IMPLEMENTATIONS = YES;
				CLANG_WARN_DIRECT_OBJC_ISA_USAGE = YES_ERROR;
				CLANG_WARN_DOCUMENTATION_COMMENTS = YES;
				CLANG_WARN_EMPTY_BODY = YES;
				CLANG_WARN_ENUM_CONVERSION = YES;
				CLANG_WARN_INFINITE_RECURSION = YES;
				CLANG_WARN_INT_CONVERSION = YES;
				CLANG_WARN_NON_LITERAL_NULL_CONVERSION = YES;
				CLANG_WARN_OBJC_IMPLICIT_RETAIN_SELF = YES;
				CLANG_WARN_OBJC_LITERAL_CONVERSION = YES;
				CLANG_WARN_OBJC_ROOT_CLASS = YES_ERROR;
				CLANG_WARN_QUOTED_INCLUDE_IN_FRAMEWORK_HEADER = YES;
				CLANG_WARN_RANGE_LOOP_ANALYSIS = YES;
				CLANG_WARN_STRICT_PROTOTYPES = YES;
				CLANG_WARN_SUSPICIOUS_MOVE = YES;
				CLANG_WARN_UNGUARDED_AVAILABILITY = YES_AGGRESSIVE;
				CLANG_WARN_UNREACHABLE_CODE = YES;
				CLANG_WARN__DUPLICATE_METHOD_MATCH = YES;
				COPY_PHASE_STRIP = NO;
				DEBUG_INFORMATION_FORMAT = dwarf;
				ENABLE_STRICT_OBJC_MSGSEND = YES;
				ENABLE_TESTABILITY = YES;
				GCC_C_LANGUAGE_STANDARD = gnu11;
				GCC_DYNAMIC_NO_PIC = NO;
				GCC_NO_COMMON_BLOCKS = YES;
				GCC_OPTIMIZATION_LEVEL = 0;
				GCC_PREPROCESSOR_DEFINITIONS = (
					"DEBUG=1",
					"$(inherited)",
				);
				GCC_WARN_64_TO_32_BIT_CONVERSION = YES;
				GCC_WARN_ABOUT_RETURN_TYPE = YES_ERROR;
				GCC_WARN_UNDECLARED_SELECTOR = YES;
				GCC_WARN_UNINITIALIZED_AUTOS = YES_AGGRESSIVE;
				GCC_WARN_UNUSED_FUNCTION = YES;
				GCC_WARN_UNUSED_VARIABLE = YES;
				MTL_ENABLE_DEBUG_INFO = INCLUDE_SOURCE;
				MTL_FAST_MATH = YES;
				ONLY_ACTIVE_ARCH = YES;
				SWIFT_ACTIVE_COMPILATION_CONDITIONS = DEBUG;
				SWIFT_OPTIMIZATION_LEVEL = "-Onone";
			};
			name = Debug;
		};
		E332C42B292E83AA002C6FC4 /* Release */ = {
			isa = XCBuildConfiguration;
			buildSettings = {
				ALWAYS_SEARCH_USER_PATHS = NO;
				CLANG_ANALYZER_LOCALIZABILITY_NONLOCALIZED = YES;
				CLANG_ANALYZER_NONNULL = YES;
				CLANG_ANALYZER_NUMBER_OBJECT_CONVERSION = YES_AGGRESSIVE;
				CLANG_CXX_LANGUAGE_STANDARD = "gnu++20";
				CLANG_ENABLE_MODULES = YES;
				CLANG_ENABLE_OBJC_ARC = YES;
				CLANG_ENABLE_OBJC_WEAK = YES;
				CLANG_WARN_BLOCK_CAPTURE_AUTORELEASING = YES;
				CLANG_WARN_BOOL_CONVERSION = YES;
				CLANG_WARN_COMMA = YES;
				CLANG_WARN_CONSTANT_CONVERSION = YES;
				CLANG_WARN_DEPRECATED_OBJC_IMPLEMENTATIONS = YES;
				CLANG_WARN_DIRECT_OBJC_ISA_USAGE = YES_ERROR;
				CLANG_WARN_DOCUMENTATION_COMMENTS = YES;
				CLANG_WARN_EMPTY_BODY = YES;
				CLANG_WARN_ENUM_CONVERSION = YES;
				CLANG_WARN_INFINITE_RECURSION = YES;
				CLANG_WARN_INT_CONVERSION = YES;
				CLANG_WARN_NON_LITERAL_NULL_CONVERSION = YES;
				CLANG_WARN_OBJC_IMPLICIT_RETAIN_SELF = YES;
				CLANG_WARN_OBJC_LITERAL_CONVERSION = YES;
				CLANG_WARN_OBJC_ROOT_CLASS = YES_ERROR;
				CLANG_WARN_QUOTED_INCLUDE_IN_FRAMEWORK_HEADER = YES;
				CLANG_WARN_RANGE_LOOP_ANALYSIS = YES;
				CLANG_WARN_STRICT_PROTOTYPES = YES;
				CLANG_WARN_SUSPICIOUS_MOVE = YES;
				CLANG_WARN_UNGUARDED_AVAILABILITY = YES_AGGRESSIVE;
				CLANG_WARN_UNREACHABLE_CODE = YES;
				CLANG_WARN__DUPLICATE_METHOD_MATCH = YES;
				COPY_PHASE_STRIP = NO;
				DEBUG_INFORMATION_FORMAT = "dwarf-with-dsym";
				ENABLE_NS_ASSERTIONS = NO;
				ENABLE_STRICT_OBJC_MSGSEND = YES;
				GCC_C_LANGUAGE_STANDARD = gnu11;
				GCC_NO_COMMON_BLOCKS = YES;
				GCC_WARN_64_TO_32_BIT_CONVERSION = YES;
				GCC_WARN_ABOUT_RETURN_TYPE = YES_ERROR;
				GCC_WARN_UNDECLARED_SELECTOR = YES;
				GCC_WARN_UNINITIALIZED_AUTOS = YES_AGGRESSIVE;
				GCC_WARN_UNUSED_FUNCTION = YES;
				GCC_WARN_UNUSED_VARIABLE = YES;
				MTL_ENABLE_DEBUG_INFO = NO;
				MTL_FAST_MATH = YES;
				SWIFT_COMPILATION_MODE = wholemodule;
				SWIFT_OPTIMIZATION_LEVEL = "-O";
			};
			name = Release;
		};
		E3D76C0C293008E000A0092D /* Debug */ = {
			isa = XCBuildConfiguration;
			buildSettings = {
				ASSETCATALOG_COMPILER_APPICON_NAME = AppIcon;
				ASSETCATALOG_COMPILER_GLOBAL_ACCENT_COLOR_NAME = AccentColor;
				CODE_SIGN_STYLE = Automatic;
				CURRENT_PROJECT_VERSION = 1;
				DEVELOPMENT_ASSET_PATHS = "\"Vocabulist iOS/Preview Content\"";
				DEVELOPMENT_TEAM = V6Y747LYEV;
				ENABLE_PREVIEWS = YES;
				GENERATE_INFOPLIST_FILE = YES;
				INFOPLIST_KEY_UIApplicationSceneManifest_Generation = YES;
				INFOPLIST_KEY_UIApplicationSupportsIndirectInputEvents = YES;
				INFOPLIST_KEY_UILaunchScreen_Generation = YES;
				INFOPLIST_KEY_UISupportedInterfaceOrientations_iPad = "UIInterfaceOrientationPortrait UIInterfaceOrientationPortraitUpsideDown UIInterfaceOrientationLandscapeLeft UIInterfaceOrientationLandscapeRight";
				INFOPLIST_KEY_UISupportedInterfaceOrientations_iPhone = "UIInterfaceOrientationPortrait UIInterfaceOrientationLandscapeLeft UIInterfaceOrientationLandscapeRight";
				IPHONEOS_DEPLOYMENT_TARGET = 16.1;
				LD_RUNPATH_SEARCH_PATHS = (
					"$(inherited)",
					"@executable_path/Frameworks",
				);
				MARKETING_VERSION = 1.0;
				PRODUCT_BUNDLE_IDENTIFIER = io.nordlicht.Vocabulist;
				PRODUCT_NAME = Vocabulist;
				SDKROOT = iphoneos;
				SWIFT_EMIT_LOC_STRINGS = YES;
				SWIFT_VERSION = 5.0;
				TARGETED_DEVICE_FAMILY = "1,2";
			};
			name = Debug;
		};
		E3D76C0D293008E000A0092D /* Release */ = {
			isa = XCBuildConfiguration;
			buildSettings = {
				ASSETCATALOG_COMPILER_APPICON_NAME = AppIcon;
				ASSETCATALOG_COMPILER_GLOBAL_ACCENT_COLOR_NAME = AccentColor;
				CODE_SIGN_STYLE = Automatic;
				CURRENT_PROJECT_VERSION = 1;
				DEVELOPMENT_ASSET_PATHS = "\"Vocabulist iOS/Preview Content\"";
				DEVELOPMENT_TEAM = V6Y747LYEV;
				ENABLE_PREVIEWS = YES;
				GENERATE_INFOPLIST_FILE = YES;
				INFOPLIST_KEY_UIApplicationSceneManifest_Generation = YES;
				INFOPLIST_KEY_UIApplicationSupportsIndirectInputEvents = YES;
				INFOPLIST_KEY_UILaunchScreen_Generation = YES;
				INFOPLIST_KEY_UISupportedInterfaceOrientations_iPad = "UIInterfaceOrientationPortrait UIInterfaceOrientationPortraitUpsideDown UIInterfaceOrientationLandscapeLeft UIInterfaceOrientationLandscapeRight";
				INFOPLIST_KEY_UISupportedInterfaceOrientations_iPhone = "UIInterfaceOrientationPortrait UIInterfaceOrientationLandscapeLeft UIInterfaceOrientationLandscapeRight";
				IPHONEOS_DEPLOYMENT_TARGET = 16.1;
				LD_RUNPATH_SEARCH_PATHS = (
					"$(inherited)",
					"@executable_path/Frameworks",
				);
				MARKETING_VERSION = 1.0;
				PRODUCT_BUNDLE_IDENTIFIER = io.nordlicht.Vocabulist;
				PRODUCT_NAME = Vocabulist;
				SDKROOT = iphoneos;
				SWIFT_EMIT_LOC_STRINGS = YES;
				SWIFT_VERSION = 5.0;
				TARGETED_DEVICE_FAMILY = "1,2";
				VALIDATE_PRODUCT = YES;
			};
			name = Release;
		};
		E3D76C272930099C00A0092D /* Debug */ = {
			isa = XCBuildConfiguration;
			buildSettings = {
				ASSETCATALOG_COMPILER_APPICON_NAME = AppIcon;
				ASSETCATALOG_COMPILER_GLOBAL_ACCENT_COLOR_NAME = AccentColor;
				CODE_SIGN_ENTITLEMENTS = "Vocabulist macOS/Vocabulist.entitlements";
				CODE_SIGN_STYLE = Automatic;
				COMBINE_HIDPI_IMAGES = YES;
				CURRENT_PROJECT_VERSION = 1;
				DEVELOPMENT_ASSET_PATHS = "\"Vocabulist macOS/Preview Content\"";
				DEVELOPMENT_TEAM = V6Y747LYEV;
				ENABLE_HARDENED_RUNTIME = YES;
				ENABLE_PREVIEWS = YES;
				GENERATE_INFOPLIST_FILE = YES;
				INFOPLIST_KEY_NSHumanReadableCopyright = "";
				LD_RUNPATH_SEARCH_PATHS = (
					"$(inherited)",
					"@executable_path/../Frameworks",
				);
				MACOSX_DEPLOYMENT_TARGET = 13.0;
				MARKETING_VERSION = 1.0;
				PRODUCT_BUNDLE_IDENTIFIER = io.nordlicht.Vocabulist;
				PRODUCT_NAME = Vocabulist;
				SDKROOT = macosx;
				SWIFT_EMIT_LOC_STRINGS = YES;
				SWIFT_VERSION = 5.0;
			};
			name = Debug;
		};
		E3D76C282930099C00A0092D /* Release */ = {
			isa = XCBuildConfiguration;
			buildSettings = {
				ASSETCATALOG_COMPILER_APPICON_NAME = AppIcon;
				ASSETCATALOG_COMPILER_GLOBAL_ACCENT_COLOR_NAME = AccentColor;
				CODE_SIGN_ENTITLEMENTS = "Vocabulist macOS/Vocabulist.entitlements";
				CODE_SIGN_STYLE = Automatic;
				COMBINE_HIDPI_IMAGES = YES;
				CURRENT_PROJECT_VERSION = 1;
				DEVELOPMENT_ASSET_PATHS = "\"Vocabulist macOS/Preview Content\"";
				DEVELOPMENT_TEAM = V6Y747LYEV;
				ENABLE_HARDENED_RUNTIME = YES;
				ENABLE_PREVIEWS = YES;
				GENERATE_INFOPLIST_FILE = YES;
				INFOPLIST_KEY_NSHumanReadableCopyright = "";
				LD_RUNPATH_SEARCH_PATHS = (
					"$(inherited)",
					"@executable_path/../Frameworks",
				);
				MACOSX_DEPLOYMENT_TARGET = 13.0;
				MARKETING_VERSION = 1.0;
				PRODUCT_BUNDLE_IDENTIFIER = io.nordlicht.Vocabulist;
				PRODUCT_NAME = Vocabulist;
				SDKROOT = macosx;
				SWIFT_EMIT_LOC_STRINGS = YES;
				SWIFT_VERSION = 5.0;
			};
			name = Release;
		};
/* End XCBuildConfiguration section */

/* Begin XCConfigurationList section */
		E332C413292E839F002C6FC4 /* Build configuration list for PBXProject "Vocabulist" */ = {
			isa = XCConfigurationList;
			buildConfigurations = (
				E332C42A292E83AA002C6FC4 /* Debug */,
				E332C42B292E83AA002C6FC4 /* Release */,
			);
			defaultConfigurationIsVisible = 0;
			defaultConfigurationName = Release;
		};
		E3D76C0B293008E000A0092D /* Build configuration list for PBXNativeTarget "Vocabulist iOS" */ = {
			isa = XCConfigurationList;
			buildConfigurations = (
				E3D76C0C293008E000A0092D /* Debug */,
				E3D76C0D293008E000A0092D /* Release */,
			);
			defaultConfigurationIsVisible = 0;
			defaultConfigurationName = Release;
		};
		E3D76C262930099C00A0092D /* Build configuration list for PBXNativeTarget "Vocabulist macOS" */ = {
			isa = XCConfigurationList;
			buildConfigurations = (
				E3D76C272930099C00A0092D /* Debug */,
				E3D76C282930099C00A0092D /* Release */,
			);
			defaultConfigurationIsVisible = 0;
			defaultConfigurationName = Release;
		};
/* End XCConfigurationList section */

/* Begin XCVersionGroup section */
		E332C41F292E839F002C6FC4 /* Vocabulist.xcdatamodeld */ = {
			isa = XCVersionGroup;
			children = (
				E332C420292E839F002C6FC4 /* Vocabulist.xcdatamodel */,
			);
			currentVersion = E332C420292E839F002C6FC4 /* Vocabulist.xcdatamodel */;
			path = Vocabulist.xcdatamodeld;
			sourceTree = "<group>";
			versionGroupType = wrapper.xcdatamodel;
		};
/* End XCVersionGroup section */
	};
	rootObject = E332C410292E839F002C6FC4 /* Project object */;
}
